
Microsoft Visual Studio Solution File, Format Version 12.00
Project("{FAE04EC0-301F-11D3-BF4B-00C04F79EFBC}") = "Watchly.Api", "src\Watchly.Api\Watchly.Api.csproj", "{05C0B857-B625-4753-AC9D-C747C7B00EC4}"
EndProject
Project("{2150E333-8FDC-42A3-9474-1A3956D46DE8}") = "src", "src", "{F9F58CF8-DFA2-4142-85C8-8173A08BFBEB}"
EndProject
Project("{2150E333-8FDC-42A3-9474-1A3956D46DE8}") = "tests", "tests", "{1BCD25A7-6BE6-4030-98CF-680E1019FDFA}"
EndProject
Project("{FAE04EC0-301F-11D3-BF4B-00C04F79EFBC}") = "Watchly.Application", "src\Watchly.Application\Watchly.Application.csproj", "{CA6B3476-BCF5-40D4-B30A-7D933DD9FACE}"
EndProject
Project("{FAE04EC0-301F-11D3-BF4B-00C04F79EFBC}") = "Watchly.Domain", "src\Watchly.Domain\Watchly.Domain.csproj", "{C4A73B52-AFF7-4D93-B2DF-5CE5F427D0B2}"
EndProject
Project("{FAE04EC0-301F-11D3-BF4B-00C04F79EFBC}") = "Watchly.Infrastructure", "src\Watchly.Infrastructure\Watchly.Infrastructure.csproj", "{72D6036C-216A-4A1E-8E01-3C1BA9E80508}"
EndProject
Project("{FAE04EC0-301F-11D3-BF4B-00C04F79EFBC}") = "Watchly.Tests", "tests\Watchly.Tests\Watchly.Tests.csproj", "{89FF7B54-BBA5-4E9C-AB80-A026D1DEEAF5}"
EndProject
Global
	GlobalSection(SolutionConfigurationPlatforms) = preSolution
		Debug|Any CPU = Debug|Any CPU
		Release|Any CPU = Release|Any CPU
	EndGlobalSection
	GlobalSection(ProjectConfigurationPlatforms) = postSolution
		{05C0B857-B625-4753-AC9D-C747C7B00EC4}.Debug|Any CPU.ActiveCfg = Debug|Any CPU
		{05C0B857-B625-4753-AC9D-C747C7B00EC4}.Debug|Any CPU.Build.0 = Debug|Any CPU
		{05C0B857-B625-4753-AC9D-C747C7B00EC4}.Release|Any CPU.ActiveCfg = Release|Any CPU
		{05C0B857-B625-4753-AC9D-C747C7B00EC4}.Release|Any CPU.Build.0 = Release|Any CPU
		{CA6B3476-BCF5-40D4-B30A-7D933DD9FACE}.Debug|Any CPU.ActiveCfg = Debug|Any CPU
		{CA6B3476-BCF5-40D4-B30A-7D933DD9FACE}.Debug|Any CPU.Build.0 = Debug|Any CPU
		{CA6B3476-BCF5-40D4-B30A-7D933DD9FACE}.Release|Any CPU.ActiveCfg = Release|Any CPU
		{CA6B3476-BCF5-40D4-B30A-7D933DD9FACE}.Release|Any CPU.Build.0 = Release|Any CPU
		{C4A73B52-AFF7-4D93-B2DF-5CE5F427D0B2}.Debug|Any CPU.ActiveCfg = Debug|Any CPU
		{C4A73B52-AFF7-4D93-B2DF-5CE5F427D0B2}.Debug|Any CPU.Build.0 = Debug|Any CPU
		{C4A73B52-AFF7-4D93-B2DF-5CE5F427D0B2}.Release|Any CPU.ActiveCfg = Release|Any CPU
		{C4A73B52-AFF7-4D93-B2DF-5CE5F427D0B2}.Release|Any CPU.Build.0 = Release|Any CPU
		{72D6036C-216A-4A1E-8E01-3C1BA9E80508}.Debug|Any CPU.ActiveCfg = Debug|Any CPU
		{72D6036C-216A-4A1E-8E01-3C1BA9E80508}.Debug|Any CPU.Build.0 = Debug|Any CPU
		{72D6036C-216A-4A1E-8E01-3C1BA9E80508}.Release|Any CPU.ActiveCfg = Release|Any CPU
		{72D6036C-216A-4A1E-8E01-3C1BA9E80508}.Release|Any CPU.Build.0 = Release|Any CPU
		{89FF7B54-BBA5-4E9C-AB80-A026D1DEEAF5}.Debug|Any CPU.ActiveCfg = Debug|Any CPU
		{89FF7B54-BBA5-4E9C-AB80-A026D1DEEAF5}.Debug|Any CPU.Build.0 = Debug|Any CPU
		{89FF7B54-BBA5-4E9C-AB80-A026D1DEEAF5}.Release|Any CPU.ActiveCfg = Release|Any CPU
		{89FF7B54-BBA5-4E9C-AB80-A026D1DEEAF5}.Release|Any CPU.Build.0 = Release|Any CPU
	EndGlobalSection
	GlobalSection(NestedProjects) = preSolution
		{05C0B857-B625-4753-AC9D-C747C7B00EC4} = {F9F58CF8-DFA2-4142-85C8-8173A08BFBEB}
		{CA6B3476-BCF5-40D4-B30A-7D933DD9FACE} = {F9F58CF8-DFA2-4142-85C8-8173A08BFBEB}
		{C4A73B52-AFF7-4D93-B2DF-5CE5F427D0B2} = {F9F58CF8-DFA2-4142-85C8-8173A08BFBEB}
		{72D6036C-216A-4A1E-8E01-3C1BA9E80508} = {F9F58CF8-DFA2-4142-85C8-8173A08BFBEB}
		{89FF7B54-BBA5-4E9C-AB80-A026D1DEEAF5} = {1BCD25A7-6BE6-4030-98CF-680E1019FDFA}
	EndGlobalSection
EndGlobal
